{
  "requires": true,
  "lockfileVersion": 1,
  "dependencies": {
    "btoa-atob": {
      "version": "file:https:/registry.npm.taobao.org/btoa-atob/download/btoa-atob-0.1.2.tgz"
    },
    "crawler-user-agents": {
      "version": "1.0.78",
      "resolved": "http://r.cnpmjs.org/crawler-user-agents/download/crawler-user-agents-1.0.78.tgz",
      "integrity": "sha1-vu3CQbp8tzPsiqHlLk3hcA50VqU="
    }
  }
}
